// !$*UTF8*$!
{
	archiveVersion = 1;
	classes = {
	};
	objectVersion = 46;
	objects = {

/* Begin PBXBuildFile section */
		4CB830241C0E12DF0064A445 /* CachedDataManager.swift in Sources */ = {isa = PBXBuildFile; fileRef = 4CB830231C0E12DF0064A445 /* CachedDataManager.swift */; };
		4CB830261C0E138D0064A445 /* UIExtentions.swift in Sources */ = {isa = PBXBuildFile; fileRef = 4CB830251C0E138D0064A445 /* UIExtentions.swift */; };
		BA11BEB41CF6D2E100B9F1F7 /* Attribute.xcdatamodeld in Sources */ = {isa = PBXBuildFile; fileRef = BA11BEB21CF6D2E100B9F1F7 /* Attribute.xcdatamodeld */; };
		BA11BF201CF6F05600B9F1F7 /* Product+CoreDataProperties.swift in Sources */ = {isa = PBXBuildFile; fileRef = BA11BF1F1CF6F05600B9F1F7 /* Product+CoreDataProperties.swift */; };
		BA11BF221CF6F0C300B9F1F7 /* Product.swift in Sources */ = {isa = PBXBuildFile; fileRef = BA11BF211CF6F0C300B9F1F7 /* Product.swift */; };
		BA11BF241CF711FC00B9F1F7 /* DataManager.swift in Sources */ = {isa = PBXBuildFile; fileRef = BA11BF231CF711FC00B9F1F7 /* DataManager.swift */; };
		BA5D6D4F1CFD940700E56808 /* Object+CoreDataProperties.swift in Sources */ = {isa = PBXBuildFile; fileRef = BA5D6D4D1CFD940700E56808 /* Object+CoreDataProperties.swift */; };
		BA5D6D501CFD940700E56808 /* Object.swift in Sources */ = {isa = PBXBuildFile; fileRef = BA5D6D4E1CFD940700E56808 /* Object.swift */; };
		BAC50E801D3648B700E30FC0 /* WebSiteModel.swift in Sources */ = {isa = PBXBuildFile; fileRef = BAC50E7F1D3648B700E30FC0 /* WebSiteModel.swift */; };
		BAD9452B1CB0482800E300FB /* MapKit.framework in Frameworks */ = {isa = PBXBuildFile; fileRef = CE8B2B471C0DCA6C00FE007A /* MapKit.framework */; };
		BADF07861D28FAA100758651 /* Fabric.framework in Frameworks */ = {isa = PBXBuildFile; fileRef = BADF07841D28FAA100758651 /* Fabric.framework */; };
		BADF07871D28FAA100758651 /* Crashlytics.framework in Frameworks */ = {isa = PBXBuildFile; fileRef = BADF07851D28FAA100758651 /* Crashlytics.framework */; };
		BAE5DD761CFC290D00938EFB /* Store+CoreDataProperties.swift in Sources */ = {isa = PBXBuildFile; fileRef = BAE5DD741CFC290D00938EFB /* Store+CoreDataProperties.swift */; };
		BAE5DD771CFC290D00938EFB /* Store.swift in Sources */ = {isa = PBXBuildFile; fileRef = BAE5DD751CFC290D00938EFB /* Store.swift */; };
		CE19618A1C14985500BA1F70 /* OfficeAnnotation.swift in Sources */ = {isa = PBXBuildFile; fileRef = CE1961891C14985500BA1F70 /* OfficeAnnotation.swift */; };
		CE19618C1C1498B400BA1F70 /* ExtensionContactsVC.swift in Sources */ = {isa = PBXBuildFile; fileRef = CE19618B1C1498B400BA1F70 /* ExtensionContactsVC.swift */; };
		CE1961901C14A12100BA1F70 /* StoreTVC.swift in Sources */ = {isa = PBXBuildFile; fileRef = CE19618F1C14A12100BA1F70 /* StoreTVC.swift */; };
		CE1961921C14A20F00BA1F70 /* StoreCell.swift in Sources */ = {isa = PBXBuildFile; fileRef = CE1961911C14A20F00BA1F70 /* StoreCell.swift */; };
		CE45CCFE1C05BBA100FE53A7 /* CatalogTVC.swift in Sources */ = {isa = PBXBuildFile; fileRef = CE45CCFD1C05BBA100FE53A7 /* CatalogTVC.swift */; };
		CE45CD031C05F3E100FE53A7 /* CatalogCell.swift in Sources */ = {isa = PBXBuildFile; fileRef = CE45CD021C05F3E100FE53A7 /* CatalogCell.swift */; };
		CE7AE8081BFDDB5E00107F65 /* AppDelegate.swift in Sources */ = {isa = PBXBuildFile; fileRef = CE7AE8071BFDDB5E00107F65 /* AppDelegate.swift */; };
		CE7AE80D1BFDDB5E00107F65 /* Main.storyboard in Resources */ = {isa = PBXBuildFile; fileRef = CE7AE80B1BFDDB5E00107F65 /* Main.storyboard */; };
		CE7AE80F1BFDDB5E00107F65 /* Assets.xcassets in Resources */ = {isa = PBXBuildFile; fileRef = CE7AE80E1BFDDB5E00107F65 /* Assets.xcassets */; };
		CE7AE8121BFDDB5E00107F65 /* LaunchScreen.storyboard in Resources */ = {isa = PBXBuildFile; fileRef = CE7AE8101BFDDB5E00107F65 /* LaunchScreen.storyboard */; };
		CE8B2B421C0CE65500FE007A /* ContactsTVC.swift in Sources */ = {isa = PBXBuildFile; fileRef = CE8B2B411C0CE65500FE007A /* ContactsTVC.swift */; };
		CE8B2B441C0DAA8000FE007A /* ShoppingCartVC.swift in Sources */ = {isa = PBXBuildFile; fileRef = CE8B2B431C0DAA8000FE007A /* ShoppingCartVC.swift */; };
		CE8B2B461C0DAB6500FE007A /* BuyTVC.swift in Sources */ = {isa = PBXBuildFile; fileRef = CE8B2B451C0DAB6500FE007A /* BuyTVC.swift */; };
		CE8B2B4A1C0DD3DD00FE007A /* Shopping.swift in Sources */ = {isa = PBXBuildFile; fileRef = CE8B2B491C0DD3DD00FE007A /* Shopping.swift */; };
		CE91DC911C04ADAC0026BEAA /* MainTVC.swift in Sources */ = {isa = PBXBuildFile; fileRef = CE91DC901C04ADAC0026BEAA /* MainTVC.swift */; };
		CE91DC951C04AE960026BEAA /* ProductVC.swift in Sources */ = {isa = PBXBuildFile; fileRef = CE91DC941C04AE960026BEAA /* ProductVC.swift */; };
		CE9799791C6887E8006A9F23 /* Feature.swift in Sources */ = {isa = PBXBuildFile; fileRef = CE9799781C6887E8006A9F23 /* Feature.swift */; };
		CEA042A01C67377E00C5C09F /* ProductSection.swift in Sources */ = {isa = PBXBuildFile; fileRef = CEA0429F1C67377E00C5C09F /* ProductSection.swift */; };
		CEA042A41C6784D000C5C09F /* StoresInCityArea.swift in Sources */ = {isa = PBXBuildFile; fileRef = CEA042A31C6784D000C5C09F /* StoresInCityArea.swift */; };
		CEF0BBDB1C009B6500BBA1FD /* Parser.swift in Sources */ = {isa = PBXBuildFile; fileRef = CEF0BBDA1C009B6500BBA1FD /* Parser.swift */; };
/* End PBXBuildFile section */

/* Begin PBXFileReference section */
		4CB830231C0E12DF0064A445 /* CachedDataManager.swift */ = {isa = PBXFileReference; fileEncoding = 4; lastKnownFileType = sourcecode.swift; path = CachedDataManager.swift; sourceTree = "<group>"; };
		4CB830251C0E138D0064A445 /* UIExtentions.swift */ = {isa = PBXFileReference; fileEncoding = 4; lastKnownFileType = sourcecode.swift; path = UIExtentions.swift; sourceTree = "<group>"; };
		BA11BEB31CF6D2E100B9F1F7 /* Attribute.xcdatamodel */ = {isa = PBXFileReference; lastKnownFileType = wrapper.xcdatamodel; path = Attribute.xcdatamodel; sourceTree = "<group>"; };
		BA11BF1F1CF6F05600B9F1F7 /* Product+CoreDataProperties.swift */ = {isa = PBXFileReference; fileEncoding = 4; lastKnownFileType = sourcecode.swift; path = "Product+CoreDataProperties.swift"; sourceTree = "<group>"; };
		BA11BF211CF6F0C300B9F1F7 /* Product.swift */ = {isa = PBXFileReference; fileEncoding = 4; lastKnownFileType = sourcecode.swift; path = Product.swift; sourceTree = "<group>"; };
		BA11BF231CF711FC00B9F1F7 /* DataManager.swift */ = {isa = PBXFileReference; fileEncoding = 4; lastKnownFileType = sourcecode.swift; path = DataManager.swift; sourceTree = "<group>"; };
		BA45E9171D38E0EF0022C410 /* ru-UA */ = {isa = PBXFileReference; lastKnownFileType = text.plist.strings; name = "ru-UA"; path = "ru-UA.lproj/Main.strings"; sourceTree = "<group>"; };
		BA45E9181D38E0EF0022C410 /* ru-UA */ = {isa = PBXFileReference; lastKnownFileType = text.plist.strings; name = "ru-UA"; path = "ru-UA.lproj/LaunchScreen.strings"; sourceTree = "<group>"; };
		BA5D6D4D1CFD940700E56808 /* Object+CoreDataProperties.swift */ = {isa = PBXFileReference; fileEncoding = 4; lastKnownFileType = sourcecode.swift; path = "Object+CoreDataProperties.swift"; sourceTree = "<group>"; };
		BA5D6D4E1CFD940700E56808 /* Object.swift */ = {isa = PBXFileReference; fileEncoding = 4; lastKnownFileType = sourcecode.swift; path = Object.swift; sourceTree = "<group>"; };
		BAC50E7F1D3648B700E30FC0 /* WebSiteModel.swift */ = {isa = PBXFileReference; fileEncoding = 4; lastKnownFileType = sourcecode.swift; path = WebSiteModel.swift; sourceTree = "<group>"; };
		BADF07841D28FAA100758651 /* Fabric.framework */ = {isa = PBXFileReference; lastKnownFileType = wrapper.framework; name = Fabric.framework; path = Attribute/Fabric.framework; sourceTree = "<group>"; };
		BADF07851D28FAA100758651 /* Crashlytics.framework */ = {isa = PBXFileReference; lastKnownFileType = wrapper.framework; name = Crashlytics.framework; path = Attribute/Crashlytics.framework; sourceTree = "<group>"; };
		BAE5DD741CFC290D00938EFB /* Store+CoreDataProperties.swift */ = {isa = PBXFileReference; fileEncoding = 4; lastKnownFileType = sourcecode.swift; path = "Store+CoreDataProperties.swift"; sourceTree = "<group>"; };
		BAE5DD751CFC290D00938EFB /* Store.swift */ = {isa = PBXFileReference; fileEncoding = 4; lastKnownFileType = sourcecode.swift; path = Store.swift; sourceTree = "<group>"; };
		CE1961891C14985500BA1F70 /* OfficeAnnotation.swift */ = {isa = PBXFileReference; fileEncoding = 4; lastKnownFileType = sourcecode.swift; path = OfficeAnnotation.swift; sourceTree = "<group>"; };
		CE19618B1C1498B400BA1F70 /* ExtensionContactsVC.swift */ = {isa = PBXFileReference; fileEncoding = 4; lastKnownFileType = sourcecode.swift; path = ExtensionContactsVC.swift; sourceTree = "<group>"; };
		CE19618F1C14A12100BA1F70 /* StoreTVC.swift */ = {isa = PBXFileReference; fileEncoding = 4; lastKnownFileType = sourcecode.swift; path = StoreTVC.swift; sourceTree = "<group>"; };
		CE1961911C14A20F00BA1F70 /* StoreCell.swift */ = {isa = PBXFileReference; fileEncoding = 4; lastKnownFileType = sourcecode.swift; path = StoreCell.swift; sourceTree = "<group>"; };
		CE45CCFD1C05BBA100FE53A7 /* CatalogTVC.swift */ = {isa = PBXFileReference; fileEncoding = 4; lastKnownFileType = sourcecode.swift; path = CatalogTVC.swift; sourceTree = "<group>"; };
		CE45CD021C05F3E100FE53A7 /* CatalogCell.swift */ = {isa = PBXFileReference; fileEncoding = 4; lastKnownFileType = sourcecode.swift; path = CatalogCell.swift; sourceTree = "<group>"; };
		CE7AE8041BFDDB5E00107F65 /* Attribute.app */ = {isa = PBXFileReference; explicitFileType = wrapper.application; includeInIndex = 0; path = Attribute.app; sourceTree = BUILT_PRODUCTS_DIR; };
		CE7AE8071BFDDB5E00107F65 /* AppDelegate.swift */ = {isa = PBXFileReference; lastKnownFileType = sourcecode.swift; path = AppDelegate.swift; sourceTree = "<group>"; };
		CE7AE80C1BFDDB5E00107F65 /* Base */ = {isa = PBXFileReference; lastKnownFileType = file.storyboard; name = Base; path = Base.lproj/Main.storyboard; sourceTree = "<group>"; };
		CE7AE80E1BFDDB5E00107F65 /* Assets.xcassets */ = {isa = PBXFileReference; lastKnownFileType = folder.assetcatalog; path = Assets.xcassets; sourceTree = "<group>"; };
		CE7AE8111BFDDB5E00107F65 /* Base */ = {isa = PBXFileReference; lastKnownFileType = file.storyboard; name = Base; path = Base.lproj/LaunchScreen.storyboard; sourceTree = "<group>"; };
		CE7AE8131BFDDB5E00107F65 /* Info.plist */ = {isa = PBXFileReference; lastKnownFileType = text.plist.xml; path = Info.plist; sourceTree = "<group>"; };
		CE8B2B411C0CE65500FE007A /* ContactsTVC.swift */ = {isa = PBXFileReference; fileEncoding = 4; lastKnownFileType = sourcecode.swift; path = ContactsTVC.swift; sourceTree = "<group>"; };
		CE8B2B431C0DAA8000FE007A /* ShoppingCartVC.swift */ = {isa = PBXFileReference; fileEncoding = 4; lastKnownFileType = sourcecode.swift; path = ShoppingCartVC.swift; sourceTree = "<group>"; };
		CE8B2B451C0DAB6500FE007A /* BuyTVC.swift */ = {isa = PBXFileReference; fileEncoding = 4; lastKnownFileType = sourcecode.swift; path = BuyTVC.swift; sourceTree = "<group>"; };
		CE8B2B471C0DCA6C00FE007A /* MapKit.framework */ = {isa = PBXFileReference; lastKnownFileType = wrapper.framework; name = MapKit.framework; path = System/Library/Frameworks/MapKit.framework; sourceTree = SDKROOT; };
		CE8B2B491C0DD3DD00FE007A /* Shopping.swift */ = {isa = PBXFileReference; fileEncoding = 4; lastKnownFileType = sourcecode.swift; path = Shopping.swift; sourceTree = "<group>"; };
		CE91DC901C04ADAC0026BEAA /* MainTVC.swift */ = {isa = PBXFileReference; fileEncoding = 4; lastKnownFileType = sourcecode.swift; path = MainTVC.swift; sourceTree = "<group>"; };
		CE91DC941C04AE960026BEAA /* ProductVC.swift */ = {isa = PBXFileReference; fileEncoding = 4; lastKnownFileType = sourcecode.swift; path = ProductVC.swift; sourceTree = "<group>"; };
		CE9799781C6887E8006A9F23 /* Feature.swift */ = {isa = PBXFileReference; fileEncoding = 4; lastKnownFileType = sourcecode.swift; path = Feature.swift; sourceTree = "<group>"; };
		CEA0429F1C67377E00C5C09F /* ProductSection.swift */ = {isa = PBXFileReference; fileEncoding = 4; lastKnownFileType = sourcecode.swift; path = ProductSection.swift; sourceTree = "<group>"; };
		CEA042A31C6784D000C5C09F /* StoresInCityArea.swift */ = {isa = PBXFileReference; fileEncoding = 4; lastKnownFileType = sourcecode.swift; path = StoresInCityArea.swift; sourceTree = "<group>"; };
		CEF0BBDA1C009B6500BBA1FD /* Parser.swift */ = {isa = PBXFileReference; fileEncoding = 4; lastKnownFileType = sourcecode.swift; path = Parser.swift; sourceTree = "<group>"; };
/* End PBXFileReference section */

/* Begin PBXFrameworksBuildPhase section */
		CE7AE8011BFDDB5E00107F65 /* Frameworks */ = {
			isa = PBXFrameworksBuildPhase;
			buildActionMask = 2147483647;
			files = (
				BAD9452B1CB0482800E300FB /* MapKit.framework in Frameworks */,
				BADF07871D28FAA100758651 /* Crashlytics.framework in Frameworks */,
				BADF07861D28FAA100758651 /* Fabric.framework in Frameworks */,
			);
			runOnlyForDeploymentPostprocessing = 0;
		};
/* End PBXFrameworksBuildPhase section */

/* Begin PBXGroup section */
		BA11BF251CF7120500B9F1F7 /* DataBase */ = {
			isa = PBXGroup;
			children = (
				BA11BF231CF711FC00B9F1F7 /* DataManager.swift */,
				BA11BEB21CF6D2E100B9F1F7 /* Attribute.xcdatamodeld */,
				BA5D6D4E1CFD940700E56808 /* Object.swift */,
				BA5D6D4D1CFD940700E56808 /* Object+CoreDataProperties.swift */,
				BA11BF211CF6F0C300B9F1F7 /* Product.swift */,
				BA11BF1F1CF6F05600B9F1F7 /* Product+CoreDataProperties.swift */,
				BAE5DD751CFC290D00938EFB /* Store.swift */,
				BAE5DD741CFC290D00938EFB /* Store+CoreDataProperties.swift */,
			);
			name = DataBase;
			sourceTree = "<group>";
		};
		BA5D6D4C1CFD8A3700E56808 /* Frameworks */ = {
			isa = PBXGroup;
			children = (
				BADF07841D28FAA100758651 /* Fabric.framework */,
				BADF07851D28FAA100758651 /* Crashlytics.framework */,
				CE8B2B471C0DCA6C00FE007A /* MapKit.framework */,
			);
			name = Frameworks;
			path = ..;
			sourceTree = "<group>";
		};
		CE45CCFF1C05BBB100FE53A7 /* Controller */ = {
			isa = PBXGroup;
			children = (
				CE91DC901C04ADAC0026BEAA /* MainTVC.swift */,
				CE45CCFD1C05BBA100FE53A7 /* CatalogTVC.swift */,
				CE91DC941C04AE960026BEAA /* ProductVC.swift */,
				CE8B2B431C0DAA8000FE007A /* ShoppingCartVC.swift */,
				CE8B2B411C0CE65500FE007A /* ContactsTVC.swift */,
				CE19618F1C14A12100BA1F70 /* StoreTVC.swift */,
			);
			name = Controller;
			sourceTree = "<group>";
		};
		CE45CD001C05BBFB00FE53A7 /* Model */ = {
			isa = PBXGroup;
			children = (
				CE7AE8071BFDDB5E00107F65 /* AppDelegate.swift */,
				BA11BF251CF7120500B9F1F7 /* DataBase */,
				CEF0BBDA1C009B6500BBA1FD /* Parser.swift */,
				BAC50E7F1D3648B700E30FC0 /* WebSiteModel.swift */,
				4CB830231C0E12DF0064A445 /* CachedDataManager.swift */,
				CE8B2B491C0DD3DD00FE007A /* Shopping.swift */,
				CE1961891C14985500BA1F70 /* OfficeAnnotation.swift */,
				CEA0429F1C67377E00C5C09F /* ProductSection.swift */,
				CEA042A31C6784D000C5C09F /* StoresInCityArea.swift */,
				CE9799781C6887E8006A9F23 /* Feature.swift */,
			);
			name = Model;
			sourceTree = "<group>";
		};
		CE45CD011C05BC1600FE53A7 /* View */ = {
			isa = PBXGroup;
			children = (
				CE7AE8101BFDDB5E00107F65 /* LaunchScreen.storyboard */,
				CE45CD021C05F3E100FE53A7 /* CatalogCell.swift */,
				CE8B2B451C0DAB6500FE007A /* BuyTVC.swift */,
				CE1961911C14A20F00BA1F70 /* StoreCell.swift */,
				4CB830251C0E138D0064A445 /* UIExtentions.swift */,
				CE19618B1C1498B400BA1F70 /* ExtensionContactsVC.swift */,
			);
			name = View;
			sourceTree = "<group>";
		};
		CE7AE7FB1BFDDB5E00107F65 = {
			isa = PBXGroup;
			children = (
				CE7AE8061BFDDB5E00107F65 /* Attribute */,
				CE7AE8051BFDDB5E00107F65 /* Products */,
			);
			sourceTree = "<group>";
		};
		CE7AE8051BFDDB5E00107F65 /* Products */ = {
			isa = PBXGroup;
			children = (
				CE7AE8041BFDDB5E00107F65 /* Attribute.app */,
			);
			name = Products;
			sourceTree = "<group>";
		};
		CE7AE8061BFDDB5E00107F65 /* Attribute */ = {
			isa = PBXGroup;
			children = (
				CE7AE80B1BFDDB5E00107F65 /* Main.storyboard */,
				CE45CCFF1C05BBB100FE53A7 /* Controller */,
				CE45CD001C05BBFB00FE53A7 /* Model */,
				CE45CD011C05BC1600FE53A7 /* View */,
				CE7AE80E1BFDDB5E00107F65 /* Assets.xcassets */,
				CE7AE8131BFDDB5E00107F65 /* Info.plist */,
				BA5D6D4C1CFD8A3700E56808 /* Frameworks */,
			);
			path = Attribute;
			sourceTree = "<group>";
		};
/* End PBXGroup section */

/* Begin PBXNativeTarget section */
		CE7AE8031BFDDB5E00107F65 /* Attribute */ = {
			isa = PBXNativeTarget;
			buildConfigurationList = CE7AE8161BFDDB5E00107F65 /* Build configuration list for PBXNativeTarget "Attribute" */;
			buildPhases = (
				CE7AE8001BFDDB5E00107F65 /* Sources */,
				CE7AE8011BFDDB5E00107F65 /* Frameworks */,
				CE7AE8021BFDDB5E00107F65 /* Resources */,
				BADF07831D28FA6D00758651 /* ShellScript */,
			);
			buildRules = (
			);
			dependencies = (
			);
			name = Attribute;
			productName = Attribute;
			productReference = CE7AE8041BFDDB5E00107F65 /* Attribute.app */;
			productType = "com.apple.product-type.application";
		};
/* End PBXNativeTarget section */

/* Begin PBXProject section */
		CE7AE7FC1BFDDB5E00107F65 /* Project object */ = {
			isa = PBXProject;
			attributes = {
				LastSwiftUpdateCheck = 0710;
				LastUpgradeCheck = 0710;
				ORGANIZATIONNAME = "Yaroslav Chyzh";
				TargetAttributes = {
					CE7AE8031BFDDB5E00107F65 = {
						CreatedOnToolsVersion = 7.1.1;
						DevelopmentTeam = 83522723G8;
					};
				};
			};
			buildConfigurationList = CE7AE7FF1BFDDB5E00107F65 /* Build configuration list for PBXProject "Attribute" */;
			compatibilityVersion = "Xcode 3.2";
			developmentRegion = English;
			hasScannedForEncodings = 0;
			knownRegions = (
				en,
				Base,
			);
			mainGroup = CE7AE7FB1BFDDB5E00107F65;
			productRefGroup = CE7AE8051BFDDB5E00107F65 /* Products */;
			projectDirPath = "";
			projectRoot = "";
			targets = (
				CE7AE8031BFDDB5E00107F65 /* Attribute */,
			);
		};
/* End PBXProject section */

/* Begin PBXResourcesBuildPhase section */
		CE7AE8021BFDDB5E00107F65 /* Resources */ = {
			isa = PBXResourcesBuildPhase;
			buildActionMask = 2147483647;
			files = (
				CE7AE8121BFDDB5E00107F65 /* LaunchScreen.storyboard in Resources */,
				CE7AE80F1BFDDB5E00107F65 /* Assets.xcassets in Resources */,
				CE7AE80D1BFDDB5E00107F65 /* Main.storyboard in Resources */,
			);
			runOnlyForDeploymentPostprocessing = 0;
		};
/* End PBXResourcesBuildPhase section */

/* Begin PBXShellScriptBuildPhase section */
		BADF07831D28FA6D00758651 /* ShellScript */ = {
			isa = PBXShellScriptBuildPhase;
			buildActionMask = 2147483647;
			files = (
			);
			inputPaths = (
			);
			outputPaths = (
			);
			runOnlyForDeploymentPostprocessing = 0;
			shellPath = /bin/sh;
			shellScript = "./Fabric.framework/run 3d7ff5171e2199821bc177c1364d92ba32b846bf 5e70986f866ae09ae14ffc845a0a5268e54cc74525d828a7cfa5053de8695ec8";
		};
/* End PBXShellScriptBuildPhase section */

/* Begin PBXSourcesBuildPhase section */
		CE7AE8001BFDDB5E00107F65 /* Sources */ = {
			isa = PBXSourcesBuildPhase;
			buildActionMask = 2147483647;
			files = (
				CE45CCFE1C05BBA100FE53A7 /* CatalogTVC.swift in Sources */,
				BA11BF241CF711FC00B9F1F7 /* DataManager.swift in Sources */,
				CE91DC951C04AE960026BEAA /* ProductVC.swift in Sources */,
				CEA042A01C67377E00C5C09F /* ProductSection.swift in Sources */,
				CE45CD031C05F3E100FE53A7 /* CatalogCell.swift in Sources */,
				4CB830261C0E138D0064A445 /* UIExtentions.swift in Sources */,
				BAE5DD771CFC290D00938EFB /* Store.swift in Sources */,
				CE8B2B441C0DAA8000FE007A /* ShoppingCartVC.swift in Sources */,
				CE1961921C14A20F00BA1F70 /* StoreCell.swift in Sources */,
				CE8B2B461C0DAB6500FE007A /* BuyTVC.swift in Sources */,
				BA11BEB41CF6D2E100B9F1F7 /* Attribute.xcdatamodeld in Sources */,
				BA11BF201CF6F05600B9F1F7 /* Product+CoreDataProperties.swift in Sources */,
				CEA042A41C6784D000C5C09F /* StoresInCityArea.swift in Sources */,
				BA5D6D501CFD940700E56808 /* Object.swift in Sources */,
				BA11BF221CF6F0C300B9F1F7 /* Product.swift in Sources */,
				BA5D6D4F1CFD940700E56808 /* Object+CoreDataProperties.swift in Sources */,
				CE8B2B4A1C0DD3DD00FE007A /* Shopping.swift in Sources */,
				BAC50E801D3648B700E30FC0 /* WebSiteModel.swift in Sources */,
				CE1961901C14A12100BA1F70 /* StoreTVC.swift in Sources */,
				CE19618C1C1498B400BA1F70 /* ExtensionContactsVC.swift in Sources */,
				CE8B2B421C0CE65500FE007A /* ContactsTVC.swift in Sources */,
				CEF0BBDB1C009B6500BBA1FD /* Parser.swift in Sources */,
				CE9799791C6887E8006A9F23 /* Feature.swift in Sources */,
				BAE5DD761CFC290D00938EFB /* Store+CoreDataProperties.swift in Sources */,
				4CB830241C0E12DF0064A445 /* CachedDataManager.swift in Sources */,
				CE7AE8081BFDDB5E00107F65 /* AppDelegate.swift in Sources */,
				CE19618A1C14985500BA1F70 /* OfficeAnnotation.swift in Sources */,
				CE91DC911C04ADAC0026BEAA /* MainTVC.swift in Sources */,
			);
			runOnlyForDeploymentPostprocessing = 0;
		};
/* End PBXSourcesBuildPhase section */

/* Begin PBXVariantGroup section */
		CE7AE80B1BFDDB5E00107F65 /* Main.storyboard */ = {
			isa = PBXVariantGroup;
			children = (
				CE7AE80C1BFDDB5E00107F65 /* Base */,
				BA45E9171D38E0EF0022C410 /* ru-UA */,
			);
			name = Main.storyboard;
			sourceTree = "<group>";
		};
		CE7AE8101BFDDB5E00107F65 /* LaunchScreen.storyboard */ = {
			isa = PBXVariantGroup;
			children = (
				CE7AE8111BFDDB5E00107F65 /* Base */,
				BA45E9181D38E0EF0022C410 /* ru-UA */,
			);
			name = LaunchScreen.storyboard;
			sourceTree = "<group>";
		};
/* End PBXVariantGroup section */

/* Begin XCBuildConfiguration section */
		CE7AE8141BFDDB5E00107F65 /* Debug */ = {
			isa = XCBuildConfiguration;
			buildSettings = {
				ALWAYS_SEARCH_USER_PATHS = NO;
				CLANG_CXX_LANGUAGE_STANDARD = "gnu++0x";
				CLANG_CXX_LIBRARY = "libc++";
				CLANG_ENABLE_MODULES = YES;
				CLANG_ENABLE_OBJC_ARC = YES;
				CLANG_WARN_BOOL_CONVERSION = YES;
				CLANG_WARN_CONSTANT_CONVERSION = YES;
				CLANG_WARN_DIRECT_OBJC_ISA_USAGE = YES_ERROR;
				CLANG_WARN_EMPTY_BODY = YES;
				CLANG_WARN_ENUM_CONVERSION = YES;
				CLANG_WARN_INT_CONVERSION = YES;
				CLANG_WARN_OBJC_ROOT_CLASS = YES_ERROR;
				CLANG_WARN_UNREACHABLE_CODE = YES;
				CLANG_WARN__DUPLICATE_METHOD_MATCH = YES;
				"CODE_SIGN_IDENTITY[sdk=iphoneos*]" = "iPhone Developer";
				COPY_PHASE_STRIP = NO;
				DEBUG_INFORMATION_FORMAT = "dwarf-with-dsym";
				ENABLE_STRICT_OBJC_MSGSEND = YES;
				ENABLE_TESTABILITY = YES;
				GCC_C_LANGUAGE_STANDARD = gnu99;
				GCC_DYNAMIC_NO_PIC = NO;
				GCC_NO_COMMON_BLOCKS = YES;
				GCC_OPTIMIZATION_LEVEL = 0;
				GCC_PREPROCESSOR_DEFINITIONS = "$(inherited)";
				GCC_WARN_64_TO_32_BIT_CONVERSION = YES;
				GCC_WARN_ABOUT_RETURN_TYPE = YES_ERROR;
				GCC_WARN_UNDECLARED_SELECTOR = YES;
				GCC_WARN_UNINITIALIZED_AUTOS = YES_AGGRESSIVE;
				GCC_WARN_UNUSED_FUNCTION = YES;
				GCC_WARN_UNUSED_VARIABLE = YES;
				IPHONEOS_DEPLOYMENT_TARGET = 9.0;
				MTL_ENABLE_DEBUG_INFO = YES;
				ONLY_ACTIVE_ARCH = YES;
				SDKROOT = iphoneos;
				SWIFT_OPTIMIZATION_LEVEL = "-Onone";
				TARGETED_DEVICE_FAMILY = "1,2";
			};
			name = Debug;
		};
		CE7AE8151BFDDB5E00107F65 /* Release */ = {
			isa = XCBuildConfiguration;
			buildSettings = {
				ALWAYS_SEARCH_USER_PATHS = NO;
				CLANG_CXX_LANGUAGE_STANDARD = "gnu++0x";
				CLANG_CXX_LIBRARY = "libc++";
				CLANG_ENABLE_MODULES = YES;
				CLANG_ENABLE_OBJC_ARC = YES;
				CLANG_WARN_BOOL_CONVERSION = YES;
				CLANG_WARN_CONSTANT_CONVERSION = YES;
				CLANG_WARN_DIRECT_OBJC_ISA_USAGE = YES_ERROR;
				CLANG_WARN_EMPTY_BODY = YES;
				CLANG_WARN_ENUM_CONVERSION = YES;
				CLANG_WARN_INT_CONVERSION = YES;
				CLANG_WARN_OBJC_ROOT_CLASS = YES_ERROR;
				CLANG_WARN_UNREACHABLE_CODE = YES;
				CLANG_WARN__DUPLICATE_METHOD_MATCH = YES;
				"CODE_SIGN_IDENTITY[sdk=iphoneos*]" = "iPhone Distribution";
				COPY_PHASE_STRIP = NO;
				DEBUG_INFORMATION_FORMAT = "dwarf-with-dsym";
				ENABLE_NS_ASSERTIONS = NO;
				ENABLE_STRICT_OBJC_MSGSEND = YES;
				GCC_C_LANGUAGE_STANDARD = gnu99;
				GCC_NO_COMMON_BLOCKS = YES;
				GCC_WARN_64_TO_32_BIT_CONVERSION = YES;
				GCC_WARN_ABOUT_RETURN_TYPE = YES_ERROR;
				GCC_WARN_UNDECLARED_SELECTOR = YES;
				GCC_WARN_UNINITIALIZED_AUTOS = YES_AGGRESSIVE;
				GCC_WARN_UNUSED_FUNCTION = YES;
				GCC_WARN_UNUSED_VARIABLE = YES;
				IPHONEOS_DEPLOYMENT_TARGET = 9.0;
				MTL_ENABLE_DEBUG_INFO = NO;
				SDKROOT = iphoneos;
				TARGETED_DEVICE_FAMILY = "1,2";
				VALIDATE_PRODUCT = YES;
			};
			name = Release;
		};
		CE7AE8171BFDDB5E00107F65 /* Debug */ = {
			isa = XCBuildConfiguration;
			buildSettings = {
				ASSETCATALOG_COMPILER_APPICON_NAME = AppIcon;
				CODE_SIGN_IDENTITY = "iPhone Developer";
				"CODE_SIGN_IDENTITY[sdk=iphoneos*]" = "iPhone Developer";
				EMBEDDED_CONTENT_CONTAINS_SWIFT = YES;
				FRAMEWORK_SEARCH_PATHS = (
					"$(inherited)",
					"$(PROJECT_DIR)/Attribute",
				);
				INFOPLIST_FILE = Attribute/Info.plist;
				LD_RUNPATH_SEARCH_PATHS = "$(inherited) @executable_path/Frameworks";
				PRODUCT_BUNDLE_IDENTIFIER = com.Chyzh.Attribute;
				PRODUCT_NAME = "$(TARGET_NAME)";
				PROVISIONING_PROFILE = "";
			};
			name = Debug;
		};
		CE7AE8181BFDDB5E00107F65 /* Release */ = {
			isa = XCBuildConfiguration;
			buildSettings = {
				ASSETCATALOG_COMPILER_APPICON_NAME = AppIcon;
				CODE_SIGN_IDENTITY = "iPhone Developer";
				"CODE_SIGN_IDENTITY[sdk=iphoneos*]" = "iPhone Developer";
				EMBEDDED_CONTENT_CONTAINS_SWIFT = YES;
				FRAMEWORK_SEARCH_PATHS = (
					"$(inherited)",
					"$(PROJECT_DIR)/Attribute",
				);
				INFOPLIST_FILE = Attribute/Info.plist;
				LD_RUNPATH_SEARCH_PATHS = "$(inherited) @executable_path/Frameworks";
				PRODUCT_BUNDLE_IDENTIFIER = com.Chyzh.Attribute;
				PRODUCT_NAME = "$(TARGET_NAME)";
				PROVISIONING_PROFILE = "";
			};
			name = Release;
		};
/* End XCBuildConfiguration section */

/* Begin XCConfigurationList section */
		CE7AE7FF1BFDDB5E00107F65 /* Build configuration list for PBXProject "Attribute" */ = {
			isa = XCConfigurationList;
			buildConfigurations = (
				CE7AE8141BFDDB5E00107F65 /* Debug */,
				CE7AE8151BFDDB5E00107F65 /* Release */,
			);
			defaultConfigurationIsVisible = 0;
			defaultConfigurationName = Release;
		};
		CE7AE8161BFDDB5E00107F65 /* Build configuration list for PBXNativeTarget "Attribute" */ = {
			isa = XCConfigurationList;
			buildConfigurations = (
				CE7AE8171BFDDB5E00107F65 /* Debug */,
				CE7AE8181BFDDB5E00107F65 /* Release */,
			);
			defaultConfigurationIsVisible = 0;
			defaultConfigurationName = Release;
		};
/* End XCConfigurationList section */

/* Begin XCVersionGroup section */
		BA11BEB21CF6D2E100B9F1F7 /* Attribute.xcdatamodeld */ = {
			isa = XCVersionGroup;
			children = (
				BA11BEB31CF6D2E100B9F1F7 /* Attribute.xcdatamodel */,
			);
			currentVersion = BA11BEB31CF6D2E100B9F1F7 /* Attribute.xcdatamodel */;
			path = Attribute.xcdatamodeld;
			sourceTree = "<group>";
			versionGroupType = wrapper.xcdatamodel;
		};
/* End XCVersionGroup section */
	};
	rootObject = CE7AE7FC1BFDDB5E00107F65 /* Project object */;
}
